{
    "name": "@github/copilot-language-server",
    "version": "1.551.1",
    "lockfileVersion": 3,
    "requires": true,
    "packages": {
        "": {
            "name": "@github/copilot-language-server",
            "version": "1.551.1",
            "license": "MIT",
            "dependencies": {
                "vscode-languageserver-protocol": "^3.17.5"
            },
            "bin": {
                "copilot-language-server": "dist/language-server.js"
            },
            "optionalDependencies": {
                "@github/copilot-darwin-arm64": "1.0.85",
                "@github/copilot-darwin-x64": "1.0.85",
                "@github/copilot-language-server-darwin-arm64": "1.551.1",
                "@github/copilot-language-server-darwin-x64": "1.551.1",
                "@github/copilot-language-server-linux-arm64": "1.551.1",
                "@github/copilot-language-server-linux-x64": "1.551.1",
                "@github/copilot-language-server-win32-arm64": "1.551.1",
                "@github/copilot-language-server-win32-x64": "1.551.1",
                "@github/copilot-linux-arm64": "1.0.85",
                "@github/copilot-linux-x64": "1.0.85",
                "@github/copilot-sdk-darwin-arm64": "1.0.14",
                "@github/copilot-sdk-darwin-x64": "1.0.14",
                "@github/copilot-sdk-linux-arm64": "1.0.14",
                "@github/copilot-sdk-linux-x64": "1.0.14",
                "@github/copilot-sdk-win32-arm64": "1.0.14",
                "@github/copilot-sdk-win32-x64": "1.0.14",
                "@github/copilot-win32-arm64": "1.0.85",
                "@github/copilot-win32-x64": "1.0.85"
            }
        },
        "node_modules/@github/copilot-darwin-arm64": {
            "version": "1.0.85",
            "resolved": "https://registry.npmjs.org/@github/copilot-darwin-arm64/-/copilot-darwin-arm64-1.0.85.tgz",
            "integrity": "sha512-FqoLTSpgJanY1FmuE2636Fxup9sc5w/VnNzvF8OLyXHtlwWzNm21Zl8an9/MOJHEt1442EUxZlgjItdVdeW7Fg==",
            "cpu": [
                "arm64"
            ],
            "license": "SEE LICENSE IN LICENSE.md",
            "optional": true,
            "os": [
                "darwin"
            ],
            "bin": {
                "copilot-darwin-arm64": "copilot"
            }
        },
        "node_modules/@github/copilot-darwin-x64": {
            "version": "1.0.85",
            "resolved": "https://registry.npmjs.org/@github/copilot-darwin-x64/-/copilot-darwin-x64-1.0.85.tgz",
            "integrity": "sha512-nTNJQfP6fZA4HkOneFPlTBtIOnocu9mavlZ7vL+wwgZl+YgVAKnbFwa0OGzSJVZSTr16XtW95rGL/bD88XkJFQ==",
            "cpu": [
                "x64"
            ],
            "license": "SEE LICENSE IN LICENSE.md",
            "optional": true,
            "os": [
                "darwin"
            ],
            "bin": {
                "copilot-darwin-x64": "copilot"
            }
        },
        "node_modules/@github/copilot-language-server-darwin-arm64": {
            "version": "1.551.1",
            "resolved": "https://registry.npmjs.org/@github/copilot-language-server-darwin-arm64/-/copilot-language-server-darwin-arm64-1.551.1.tgz",
            "integrity": "sha512-S4ZgvEttq9+sH6ZxlGTuaCV9G9ydyExngB4OtxJXrJnNdrFuDIul9cxzJGYvBvUNxZrLoTT2R9lpQnxZqSqVYQ==",
            "cpu": [
                "arm64"
            ],
            "license": "MIT",
            "optional": true,
            "os": [
                "darwin"
            ]
        },
        "node_modules/@github/copilot-language-server-darwin-x64": {
            "version": "1.551.1",
            "resolved": "https://registry.npmjs.org/@github/copilot-language-server-darwin-x64/-/copilot-language-server-darwin-x64-1.551.1.tgz",
            "integrity": "sha512-JMGNbuTBd+FUFZTkW+SwJFaOuqB5p1X1XxEXb6wGHI/pJLgG8UICZb0ha6Avew7QVv9pv9DYWX+5OIX6Qi6sOg==",
            "cpu": [
                "x64"
            ],
            "license": "MIT",
            "optional": true,
            "os": [
                "darwin"
            ]
        },
        "node_modules/@github/copilot-language-server-linux-arm64": {
            "version": "1.551.1",
            "resolved": "https://registry.npmjs.org/@github/copilot-language-server-linux-arm64/-/copilot-language-server-linux-arm64-1.551.1.tgz",
            "integrity": "sha512-AxJ9isDdhzykXHXbuOXrEDMxBt/4ongGsauBOtGJ0QLMpul/NCQTA6GIga0E4TfH1fjowMaF9TkWfI3Xf5mmgw==",
            "cpu": [
                "arm64"
            ],
            "license": "MIT",
            "optional": true,
            "os": [
                "linux"
            ]
        },
        "node_modules/@github/copilot-language-server-linux-x64": {
            "version": "1.551.1",
            "resolved": "https://registry.npmjs.org/@github/copilot-language-server-linux-x64/-/copilot-language-server-linux-x64-1.551.1.tgz",
            "integrity": "sha512-2HeLpvDgFpAXMkW32oKXjZQZjlIcWomj3yGT/xRJCBEsNGDmogX/BZvs8LPjpwyzSW/US/Z0SD/vFn1TPjLClg==",
            "cpu": [
                "x64"
            ],
            "license": "MIT",
            "optional": true,
            "os": [
                "linux"
            ]
        },
        "node_modules/@github/copilot-language-server-win32-arm64": {
            "version": "1.551.1",
            "resolved": "https://registry.npmjs.org/@github/copilot-language-server-win32-arm64/-/copilot-language-server-win32-arm64-1.551.1.tgz",
            "integrity": "sha512-An733rsRhS9/hs73GEUttaUGX/UfPROM/OGYhpWnFKudA+Dxb0au1VioPCCWqK2IWKqm6uiz53P1WAFXztoeTw==",
            "cpu": [
                "arm64"
            ],
            "license": "MIT",
            "optional": true,
            "os": [
                "win32"
            ]
        },
        "node_modules/@github/copilot-language-server-win32-x64": {
            "version": "1.551.1",
            "resolved": "https://registry.npmjs.org/@github/copilot-language-server-win32-x64/-/copilot-language-server-win32-x64-1.551.1.tgz",
            "integrity": "sha512-7ydEsMWLIKDZij4EWnL9g9sQMqrasuEDx1nrJM55z4ZN6rpetde8jDwHTSQp2FBaygtcdgp4QFB1xr4VN2u2Fg==",
            "cpu": [
                "x64"
            ],
            "license": "MIT",
            "optional": true,
            "os": [
                "win32"
            ]
        },
        "node_modules/@github/copilot-linux-arm64": {
            "version": "1.0.85",
            "resolved": "https://registry.npmjs.org/@github/copilot-linux-arm64/-/copilot-linux-arm64-1.0.85.tgz",
            "integrity": "sha512-VhiYw/N4mOzGH7AG7h+e2eZ/dlnaS5+BwmnOFOMvzj/fjBCFbzLB8+l/3sHkNh/pmwnqwztGMkm0u2UWmlAxZw==",
            "cpu": [
                "arm64"
            ],
            "libc": [
                "glibc"
            ],
            "license": "SEE LICENSE IN LICENSE.md",
            "optional": true,
            "os": [
                "linux"
            ],
            "bin": {
                "copilot-linux-arm64": "copilot"
            }
        },
        "node_modules/@github/copilot-linux-x64": {
            "version": "1.0.85",
            "resolved": "https://registry.npmjs.org/@github/copilot-linux-x64/-/copilot-linux-x64-1.0.85.tgz",
            "integrity": "sha512-2P7bRLwPjZjWY+wI7H2tOZX6Wv6nS3Lc/m2tAWigS9MwH91YpUnJpHUCXSvRW7Q3shFKzFw4KeKL+OOz5pxGRA==",
            "cpu": [
                "x64"
            ],
            "libc": [
                "glibc"
            ],
            "license": "SEE LICENSE IN LICENSE.md",
            "optional": true,
            "os": [
                "linux"
            ],
            "bin": {
                "copilot-linux-x64": "copilot"
            }
        },
        "node_modules/@github/copilot-sdk-darwin-arm64": {
            "version": "1.0.14",
            "resolved": "https://registry.npmjs.org/@github/copilot-sdk-darwin-arm64/-/copilot-sdk-darwin-arm64-1.0.14.tgz",
            "integrity": "sha512-ABvcmAiKl6r8OVeHDNPFgVjhdWYliVuySlTjauNxbhhfKbrGAiEdb2wZyIqdenxPQrUXjK5iUq39oNohpfUDHQ==",
            "cpu": [
                "arm64"
            ],
            "license": "MIT",
            "optional": true,
            "os": [
                "darwin"
            ]
        },
        "node_modules/@github/copilot-sdk-darwin-x64": {
            "version": "1.0.14",
            "resolved": "https://registry.npmjs.org/@github/copilot-sdk-darwin-x64/-/copilot-sdk-darwin-x64-1.0.14.tgz",
            "integrity": "sha512-p7rL65ORq0bsq7geje3NL/HpPWXMYiII6AiS3wNWR947wdap6YEjVKI3MKmbx8JD+EfTqLW7uTQhlKMReZwlEA==",
            "cpu": [
                "x64"
            ],
            "license": "MIT",
            "optional": true,
            "os": [
                "darwin"
            ]
        },
        "node_modules/@github/copilot-sdk-linux-arm64": {
            "version": "1.0.14",
            "resolved": "https://registry.npmjs.org/@github/copilot-sdk-linux-arm64/-/copilot-sdk-linux-arm64-1.0.14.tgz",
            "integrity": "sha512-08ocvNmme++Tf/kAbppleJqE/GWUmLn4LUSf+6ZkmWspOXkoF3YRWBlVKNlZZXRBZ8MexJJ8Naci+ky5m55UmQ==",
            "cpu": [
                "arm64"
            ],
            "libc": [
                "glibc"
            ],
            "license": "MIT",
            "optional": true,
            "os": [
                "linux"
            ]
        },
        "node_modules/@github/copilot-sdk-linux-x64": {
            "version": "1.0.14",
            "resolved": "https://registry.npmjs.org/@github/copilot-sdk-linux-x64/-/copilot-sdk-linux-x64-1.0.14.tgz",
            "integrity": "sha512-1wlAVTK1z7ovAez0tixr+f77TnjB3fqKobamu1pG7FYyCTwQuyU4p1aWNXF9j/u1d7rxSY1n9cAxrtEAUkizbg==",
            "cpu": [
                "x64"
            ],
            "libc": [
                "glibc"
            ],
            "license": "MIT",
            "optional": true,
            "os": [
                "linux"
            ]
        },
        "node_modules/@github/copilot-sdk-win32-arm64": {
            "version": "1.0.14",
            "resolved": "https://registry.npmjs.org/@github/copilot-sdk-win32-arm64/-/copilot-sdk-win32-arm64-1.0.14.tgz",
            "integrity": "sha512-GZiw+r+6yNhPlsT1y1sDzUR8HRnduJZFdZzhjNQi+VC0GkdZiYz12yiABwLhN9FxSD079Y4FsNUHiCLUdskNcA==",
            "cpu": [
                "arm64"
            ],
            "license": "MIT",
            "optional": true,
            "os": [
                "win32"
            ]
        },
        "node_modules/@github/copilot-sdk-win32-x64": {
            "version": "1.0.14",
            "resolved": "https://registry.npmjs.org/@github/copilot-sdk-win32-x64/-/copilot-sdk-win32-x64-1.0.14.tgz",
            "integrity": "sha512-+HCmPN4GKbLBdRcutdmxh9bKrRWEEA6g6jwG3lCbtExa5OKfi5QAtubsDjdBlq3HzPDU/csIlaRTJ/q3vik2oQ==",
            "cpu": [
                "x64"
            ],
            "license": "MIT",
            "optional": true,
            "os": [
                "win32"
            ]
        },
        "node_modules/@github/copilot-win32-arm64": {
            "version": "1.0.85",
            "resolved": "https://registry.npmjs.org/@github/copilot-win32-arm64/-/copilot-win32-arm64-1.0.85.tgz",
            "integrity": "sha512-WXZOcjtPbmdgDgfU6UJuTTC/5cHhgzqNyNOvJC1LttwFQuzddFITGKMKbbki9op09jFxa6IW9CfTWbvud6x+Qg==",
            "cpu": [
                "arm64"
            ],
            "license": "SEE LICENSE IN LICENSE.md",
            "optional": true,
            "os": [
                "win32"
            ],
            "bin": {
                "copilot-win32-arm64": "copilot.exe"
            }
        },
        "node_modules/@github/copilot-win32-x64": {
            "version": "1.0.85",
            "resolved": "https://registry.npmjs.org/@github/copilot-win32-x64/-/copilot-win32-x64-1.0.85.tgz",
            "integrity": "sha512-8OY+GLhvghDkDJHFu0wYpemC4y7z/RcF89ZOQffUJx8qf8GsCfW2C3OnVu5RtpmUrT3vNI7WoEFgTkzqgkCa1g==",
            "cpu": [
                "x64"
            ],
            "license": "SEE LICENSE IN LICENSE.md",
            "optional": true,
            "os": [
                "win32"
            ],
            "bin": {
                "copilot-win32-x64": "copilot.exe"
            }
        },
        "node_modules/vscode-jsonrpc": {
            "version": "9.0.3",
            "resolved": "https://registry.npmjs.org/vscode-jsonrpc/-/vscode-jsonrpc-9.0.3.tgz",
            "integrity": "sha512-qETYf9PCl1lVfwR+oBmMfc4vP2nqLNA35ABxorw3j06+xlKRgDVxbLgKm4Y/xPL0YWdeDjLoI4ImICIT3nB0zQ==",
            "license": "MIT",
            "engines": {
                "node": ">=14.0.0"
            }
        },
        "node_modules/vscode-languageserver-protocol": {
            "version": "3.18.4",
            "resolved": "https://registry.npmjs.org/vscode-languageserver-protocol/-/vscode-languageserver-protocol-3.18.4.tgz",
            "integrity": "sha512-CCXbyr99dafRJzJH/0Ryk7ly5T8XPmSR0//OuF2w4m+9JiOin7zcAT5iET8GRE7Z9taFBejb3GbM0a0mbjdbrg==",
            "license": "MIT",
            "dependencies": {
                "vscode-jsonrpc": "9.0.3",
                "vscode-languageserver-types": "3.18.4"
            }
        },
        "node_modules/vscode-languageserver-types": {
            "version": "3.18.4",
            "resolved": "https://registry.npmjs.org/vscode-languageserver-types/-/vscode-languageserver-types-3.18.4.tgz",
            "integrity": "sha512-nQsacoiijvl0fRf2q28uFDrAVwRhdCa3QveiF7/CX0r18mLR5FU/1WskSsCKOjmEbtteKUnY8x8Yzxop+k0zwg==",
            "license": "MIT"
        }
    }
}
